<?xml version="1.0" encoding="utf-8"?>
<Project ToolsVersion="4.0" xmlns="http://schemas.microsoft.com/developer/msbuild/2003">
  <ItemGroup>
    <ClInclude Include="Vector3.h">
      <Filter>Math</Filter>
    </ClInclude>
    <ClInclude Include="Generate\PhysicsEngineForFun_wrap.h">
      <Filter>Generate</Filter>
    </ClInclude>
    <ClInclude Include="Matrix4.h">
      <Filter>Math</Filter>
    </ClInclude>
    <ClInclude Include="Matrix3.h">
      <Filter>Math</Filter>
    </ClInclude>
    <ClInclude Include="Quaternion.h">
      <Filter>Math</Filter>
    </ClInclude>
    <ClInclude Include="Particle.h">
      <Filter>Particle</Filter>
    </ClInclude>
    <ClInclude Include="ParticleConstraint.h">
      <Filter>Particle</Filter>
    </ClInclude>
    <ClInclude Include="ParticleContact.h">
      <Filter>Particle</Filter>
    </ClInclude>
    <ClInclude Include="ParticleForceGenerator.h">
      <Filter>Particle</Filter>
    </ClInclude>
    <ClInclude Include="ParticleLink.h">
      <Filter>Particle</Filter>
    </ClInclude>
    <ClInclude Include="ParticleWorld.h">
      <Filter>Particle</Filter>
    </ClInclude>
    <ClInclude Include="RigidBody.h">
      <Filter>RigidBody</Filter>
    </ClInclude>
    <ClInclude Include="RigidBodyForceGenerator.h">
      <Filter>RigidBody</Filter>
    </ClInclude>
    <ClInclude Include="RigidBodyWorld.h">
      <Filter>RigidBody</Filter>
    </ClInclude>
    <ClInclude Include="CoarseCollisionDetection.h">
      <Filter>RigidBody</Filter>
    </ClInclude>
    <ClInclude Include="RigidBodyContact.h">
      <Filter>RigidBody</Filter>
    </ClInclude>
  </ItemGroup>
  <ItemGroup>
    <Filter Include="Math">
      <UniqueIdentifier>{b8f1c235-d13e-40f2-b026-67575534d992}</UniqueIdentifier>
    </Filter>
    <Filter Include="Generate">
      <UniqueIdentifier>{8f822f86-92e2-4501-8ce4-fe789aed54d7}</UniqueIdentifier>
    </Filter>
    <Filter Include="RigidBody">
      <UniqueIdentifier>{32a183a1-1cec-465d-9569-f5e91c098183}</UniqueIdentifier>
    </Filter>
    <Filter Include="Particle">
      <UniqueIdentifier>{a6a56f40-4897-4e1d-99c4-b652162c67f3}</UniqueIdentifier>
    </Filter>
  </ItemGroup>
  <ItemGroup>
    <ClCompile Include="Vector3.cpp">
      <Filter>Math</Filter>
    </ClCompile>
    <ClCompile Include="Generate\PhysicsEngineForFun_wrap.cxx">
      <Filter>Generate</Filter>
    </ClCompile>
    <ClCompile Include="Matrix4.cpp">
      <Filter>Math</Filter>
    </ClCompile>
    <ClCompile Include="Matrix3.cpp">
      <Filter>Math</Filter>
    </ClCompile>
    <ClCompile Include="Quaternion.cpp">
      <Filter>Math</Filter>
    </ClCompile>
    <ClCompile Include="Particle.cpp">
      <Filter>Particle</Filter>
    </ClCompile>
    <ClCompile Include="ParticleConstraint.cpp">
      <Filter>Particle</Filter>
    </ClCompile>
    <ClCompile Include="ParticleContact.cpp">
      <Filter>Particle</Filter>
    </ClCompile>
    <ClCompile Include="ParticleForceGenerator.cpp">
      <Filter>Particle</Filter>
    </ClCompile>
    <ClCompile Include="ParticleLink.cpp">
      <Filter>Particle</Filter>
    </ClCompile>
    <ClCompile Include="ParticleWorld.cpp">
      <Filter>Particle</Filter>
    </ClCompile>
    <ClCompile Include="RigidBody.cpp">
      <Filter>RigidBody</Filter>
    </ClCompile>
    <ClCompile Include="RigidBodyForceGenerator.cpp">
      <Filter>RigidBody</Filter>
    </ClCompile>
    <ClCompile Include="RigidBodyWorld.cpp">
      <Filter>RigidBody</Filter>
    </ClCompile>
    <ClCompile Include="CoarseCollisionDetection.cpp">
      <Filter>RigidBody</Filter>
    </ClCompile>
    <ClCompile Include="RigidBodyContact.cpp">
      <Filter>RigidBody</Filter>
    </ClCompile>
  </ItemGroup>
  <ItemGroup>
    <None Include="PhysicsEngineForFun.vcxproj.user" />
  </ItemGroup>
  <ItemGroup>
    <CustomBuild Include="Generate\PhysicsEngineForFun.idl">
      <Filter>Generate</Filter>
    </CustomBuild>
  </ItemGroup>
</Project>